// !$*UTF8*$!
{
	archiveVersion = 1;
	classes = {
	};
	objectVersion = 46;
	objects = {

/* Begin PBXBuildFile section */
		491E1D2D1B4220F1008F3411 /* AppDelegate.swift in Sources */ = {isa = PBXBuildFile; fileRef = 491E1D2C1B4220F1008F3411 /* AppDelegate.swift */; };
		491E1D321B4220F1008F3411 /* Main.storyboard in Resources */ = {isa = PBXBuildFile; fileRef = 491E1D301B4220F1008F3411 /* Main.storyboard */; };
		491E1D341B4220F1008F3411 /* Images.xcassets in Resources */ = {isa = PBXBuildFile; fileRef = 491E1D331B4220F1008F3411 /* Images.xcassets */; };
		491E1D371B4220F1008F3411 /* LaunchScreen.xib in Resources */ = {isa = PBXBuildFile; fileRef = 491E1D351B4220F1008F3411 /* LaunchScreen.xib */; };
		491E1D431B4220F1008F3411 /* AnimationTests.swift in Sources */ = {isa = PBXBuildFile; fileRef = 491E1D421B4220F1008F3411 /* AnimationTests.swift */; };
		491E1D4D1B4221D1008F3411 /* UIViewAnimationViewController.swift in Sources */ = {isa = PBXBuildFile; fileRef = 491E1D4C1B4221D1008F3411 /* UIViewAnimationViewController.swift */; };
		491E1D501B422DD1008F3411 /* C3DAnimationViewController.swift in Sources */ = {isa = PBXBuildFile; fileRef = 491E1D4F1B422DD1008F3411 /* C3DAnimationViewController.swift */; };
/* End PBXBuildFile section */

/* Begin PBXContainerItemProxy section */
		491E1D3D1B4220F1008F3411 /* PBXContainerItemProxy */ = {
			isa = PBXContainerItemProxy;
			containerPortal = 491E1D1F1B4220F1008F3411 /* Project object */;
			proxyType = 1;
			remoteGlobalIDString = 491E1D261B4220F1008F3411;
			remoteInfo = Animation;
		};
/* End PBXContainerItemProxy section */

/* Begin PBXFileReference section */
		491E1D271B4220F1008F3411 /* Animation.app */ = {isa = PBXFileReference; explicitFileType = wrapper.application; includeInIndex = 0; path = Animation.app; sourceTree = BUILT_PRODUCTS_DIR; };
		491E1D2B1B4220F1008F3411 /* Info.plist */ = {isa = PBXFileReference; lastKnownFileType = text.plist.xml; path = Info.plist; sourceTree = "<group>"; };
		491E1D2C1B4220F1008F3411 /* AppDelegate.swift */ = {isa = PBXFileReference; lastKnownFileType = sourcecode.swift; path = AppDelegate.swift; sourceTree = "<group>"; };
		491E1D311B4220F1008F3411 /* Base */ = {isa = PBXFileReference; lastKnownFileType = file.storyboard; name = Base; path = Base.lproj/Main.storyboard; sourceTree = "<group>"; };
		491E1D331B4220F1008F3411 /* Images.xcassets */ = {isa = PBXFileReference; lastKnownFileType = folder.assetcatalog; path = Images.xcassets; sourceTree = "<group>"; };
		491E1D361B4220F1008F3411 /* Base */ = {isa = PBXFileReference; lastKnownFileType = file.xib; name = Base; path = Base.lproj/LaunchScreen.xib; sourceTree = "<group>"; };
		491E1D3C1B4220F1008F3411 /* AnimationTests.xctest */ = {isa = PBXFileReference; explicitFileType = wrapper.cfbundle; includeInIndex = 0; path = AnimationTests.xctest; sourceTree = BUILT_PRODUCTS_DIR; };
		491E1D411B4220F1008F3411 /* Info.plist */ = {isa = PBXFileReference; lastKnownFileType = text.plist.xml; path = Info.plist; sourceTree = "<group>"; };
		491E1D421B4220F1008F3411 /* AnimationTests.swift */ = {isa = PBXFileReference; lastKnownFileType = sourcecode.swift; path = AnimationTests.swift; sourceTree = "<group>"; };
		491E1D4C1B4221D1008F3411 /* UIViewAnimationViewController.swift */ = {isa = PBXFileReference; fileEncoding = 4; lastKnownFileType = sourcecode.swift; path = UIViewAnimationViewController.swift; sourceTree = "<group>"; };
		491E1D4F1B422DD1008F3411 /* C3DAnimationViewController.swift */ = {isa = PBXFileReference; fileEncoding = 4; lastKnownFileType = sourcecode.swift; path = C3DAnimationViewController.swift; sourceTree = "<group>"; };
/* End PBXFileReference section */

/* Begin PBXFrameworksBuildPhase section */
		491E1D241B4220F1008F3411 /* Frameworks */ = {
			isa = PBXFrameworksBuildPhase;
			buildActionMask = 2147483647;
			files = (
			);
			runOnlyForDeploymentPostprocessing = 0;
		};
		491E1D391B4220F1008F3411 /* Frameworks */ = {
			isa = PBXFrameworksBuildPhase;
			buildActionMask = 2147483647;
			files = (
			);
			runOnlyForDeploymentPostprocessing = 0;
		};
/* End PBXFrameworksBuildPhase section */

/* Begin PBXGroup section */
		491E1D1E1B4220F1008F3411 = {
			isa = PBXGroup;
			children = (
				491E1D291B4220F1008F3411 /* Animation */,
				491E1D3F1B4220F1008F3411 /* AnimationTests */,
				491E1D281B4220F1008F3411 /* Products */,
			);
			sourceTree = "<group>";
		};
		491E1D281B4220F1008F3411 /* Products */ = {
			isa = PBXGroup;
			children = (
				491E1D271B4220F1008F3411 /* Animation.app */,
				491E1D3C1B4220F1008F3411 /* AnimationTests.xctest */,
			);
			name = Products;
			sourceTree = "<group>";
		};
		491E1D291B4220F1008F3411 /* Animation */ = {
			isa = PBXGroup;
			children = (
				491E1D4E1B4226E9008F3411 /* Controllers */,
				491E1D2C1B4220F1008F3411 /* AppDelegate.swift */,
				491E1D301B4220F1008F3411 /* Main.storyboard */,
				491E1D331B4220F1008F3411 /* Images.xcassets */,
				491E1D351B4220F1008F3411 /* LaunchScreen.xib */,
				491E1D2A1B4220F1008F3411 /* Supporting Files */,
			);
			path = Animation;
			sourceTree = "<group>";
		};
		491E1D2A1B4220F1008F3411 /* Supporting Files */ = {
			isa = PBXGroup;
			children = (
				491E1D2B1B4220F1008F3411 /* Info.plist */,
			);
			name = "Supporting Files";
			sourceTree = "<group>";
		};
		491E1D3F1B4220F1008F3411 /* AnimationTests */ = {
			isa = PBXGroup;
			children = (
				491E1D421B4220F1008F3411 /* AnimationTests.swift */,
				491E1D401B4220F1008F3411 /* Supporting Files */,
			);
			path = AnimationTests;
			sourceTree = "<group>";
		};
		491E1D401B4220F1008F3411 /* Supporting Files */ = {
			isa = PBXGroup;
			children = (
				491E1D411B4220F1008F3411 /* Info.plist */,
			);
			name = "Supporting Files";
			sourceTree = "<group>";
		};
		491E1D4E1B4226E9008F3411 /* Controllers */ = {
			isa = PBXGroup;
			children = (
				491E1D4C1B4221D1008F3411 /* UIViewAnimationViewController.swift */,
				491E1D4F1B422DD1008F3411 /* C3DAnimationViewController.swift */,
			);
			name = Controllers;
			sourceTree = "<group>";
		};
/* End PBXGroup section */

/* Begin PBXNativeTarget section */
		491E1D261B4220F1008F3411 /* Animation */ = {
			isa = PBXNativeTarget;
			buildConfigurationList = 491E1D461B4220F1008F3411 /* Build configuration list for PBXNativeTarget "Animation" */;
			buildPhases = (
				491E1D231B4220F1008F3411 /* Sources */,
				491E1D241B4220F1008F3411 /* Frameworks */,
				491E1D251B4220F1008F3411 /* Resources */,
			);
			buildRules = (
			);
			dependencies = (
			);
			name = Animation;
			productName = Animation;
			productReference = 491E1D271B4220F1008F3411 /* Animation.app */;
			productType = "com.apple.product-type.application";
		};
		491E1D3B1B4220F1008F3411 /* AnimationTests */ = {
			isa = PBXNativeTarget;
			buildConfigurationList = 491E1D491B4220F1008F3411 /* Build configuration list for PBXNativeTarget "AnimationTests" */;
			buildPhases = (
				491E1D381B4220F1008F3411 /* Sources */,
				491E1D391B4220F1008F3411 /* Frameworks */,
				491E1D3A1B4220F1008F3411 /* Resources */,
			);
			buildRules = (
			);
			dependencies = (
				491E1D3E1B4220F1008F3411 /* PBXTargetDependency */,
			);
			name = AnimationTests;
			productName = AnimationTests;
			productReference = 491E1D3C1B4220F1008F3411 /* AnimationTests.xctest */;
			productType = "com.apple.product-type.bundle.unit-test";
		};
/* End PBXNativeTarget section */

/* Begin PBXProject section */
		491E1D1F1B4220F1008F3411 /* Project object */ = {
			isa = PBXProject;
			attributes = {
				LastUpgradeCheck = 0630;
				ORGANIZATIONNAME = "Sergio Ordine";
				TargetAttributes = {
					491E1D261B4220F1008F3411 = {
						CreatedOnToolsVersion = 6.3.1;
					};
					491E1D3B1B4220F1008F3411 = {
						CreatedOnToolsVersion = 6.3.1;
						TestTargetID = 491E1D261B4220F1008F3411;
					};
				};
			};
			buildConfigurationList = 491E1D221B4220F1008F3411 /* Build configuration list for PBXProject "Animation" */;
			compatibilityVersion = "Xcode 3.2";
			developmentRegion = English;
			hasScannedForEncodings = 0;
			knownRegions = (
				en,
				Base,
			);
			mainGroup = 491E1D1E1B4220F1008F3411;
			productRefGroup = 491E1D281B4220F1008F3411 /* Products */;
			projectDirPath = "";
			projectRoot = "";
			targets = (
				491E1D261B4220F1008F3411 /* Animation */,
				491E1D3B1B4220F1008F3411 /* AnimationTests */,
			);
		};
/* End PBXProject section */

/* Begin PBXResourcesBuildPhase section */
		491E1D251B4220F1008F3411 /* Resources */ = {
			isa = PBXResourcesBuildPhase;
			buildActionMask = 2147483647;
			files = (
				491E1D321B4220F1008F3411 /* Main.storyboard in Resources */,
				491E1D371B4220F1008F3411 /* LaunchScreen.xib in Resources */,
				491E1D341B4220F1008F3411 /* Images.xcassets in Resources */,
			);
			runOnlyForDeploymentPostprocessing = 0;
		};
		491E1D3A1B4220F1008F3411 /* Resources */ = {
			isa = PBXResourcesBuildPhase;
			buildActionMask = 2147483647;
			files = (
			);
			runOnlyForDeploymentPostprocessing = 0;
		};
/* End PBXResourcesBuildPhase section */

/* Begin PBXSourcesBuildPhase section */
		491E1D231B4220F1008F3411 /* Sources */ = {
			isa = PBXSourcesBuildPhase;
			buildActionMask = 2147483647;
			files = (
				491E1D2D1B4220F1008F3411 /* AppDelegate.swift in Sources */,
				491E1D501B422DD1008F3411 /* C3DAnimationViewController.swift in Sources */,
				491E1D4D1B4221D1008F3411 /* UIViewAnimationViewController.swift in Sources */,
			);
			runOnlyForDeploymentPostprocessing = 0;
		};
		491E1D381B4220F1008F3411 /* Sources */ = {
			isa = PBXSourcesBuildPhase;
			buildActionMask = 2147483647;
			files = (
				491E1D431B4220F1008F3411 /* AnimationTests.swift in Sources */,
			);
			runOnlyForDeploymentPostprocessing = 0;
		};
/* End PBXSourcesBuildPhase section */

/* Begin PBXTargetDependency section */
		491E1D3E1B4220F1008F3411 /* PBXTargetDependency */ = {
			isa = PBXTargetDependency;
			target = 491E1D261B4220F1008F3411 /* Animation */;
			targetProxy = 491E1D3D1B4220F1008F3411 /* PBXContainerItemProxy */;
		};
/* End PBXTargetDependency section */

/* Begin PBXVariantGroup section */
		491E1D301B4220F1008F3411 /* Main.storyboard */ = {
			isa = PBXVariantGroup;
			children = (
				491E1D311B4220F1008F3411 /* Base */,
			);
			name = Main.storyboard;
			sourceTree = "<group>";
		};
		491E1D351B4220F1008F3411 /* LaunchScreen.xib */ = {
			isa = PBXVariantGroup;
			children = (
				491E1D361B4220F1008F3411 /* Base */,
			);
			name = LaunchScreen.xib;
			sourceTree = "<group>";
		};
/* End PBXVariantGroup section */

/* Begin XCBuildConfiguration section */
		491E1D441B4220F1008F3411 /* Debug */ = {
			isa = XCBuildConfiguration;
			buildSettings = {
				ALWAYS_SEARCH_USER_PATHS = NO;
				CLANG_CXX_LANGUAGE_STANDARD = "gnu++0x";
				CLANG_CXX_LIBRARY = "libc++";
				CLANG_ENABLE_MODULES = YES;
				CLANG_ENABLE_OBJC_ARC = YES;
				CLANG_WARN_BOOL_CONVERSION = YES;
				CLANG_WARN_CONSTANT_CONVERSION = YES;
				CLANG_WARN_DIRECT_OBJC_ISA_USAGE = YES_ERROR;
				CLANG_WARN_EMPTY_BODY = YES;
				CLANG_WARN_ENUM_CONVERSION = YES;
				CLANG_WARN_INT_CONVERSION = YES;
				CLANG_WARN_OBJC_ROOT_CLASS = YES_ERROR;
				CLANG_WARN_UNREACHABLE_CODE = YES;
				CLANG_WARN__DUPLICATE_METHOD_MATCH = YES;
				"CODE_SIGN_IDENTITY[sdk=iphoneos*]" = "iPhone Developer";
				COPY_PHASE_STRIP = NO;
				DEBUG_INFORMATION_FORMAT = "dwarf-with-dsym";
				ENABLE_STRICT_OBJC_MSGSEND = YES;
				GCC_C_LANGUAGE_STANDARD = gnu99;
				GCC_DYNAMIC_NO_PIC = NO;
				GCC_NO_COMMON_BLOCKS = YES;
				GCC_OPTIMIZATION_LEVEL = 0;
				GCC_PREPROCESSOR_DEFINITIONS = (
					"DEBUG=1",
					"$(inherited)",
				);
				GCC_SYMBOLS_PRIVATE_EXTERN = NO;
				GCC_WARN_64_TO_32_BIT_CONVERSION = YES;
				GCC_WARN_ABOUT_RETURN_TYPE = YES_ERROR;
				GCC_WARN_UNDECLARED_SELECTOR = YES;
				GCC_WARN_UNINITIALIZED_AUTOS = YES_AGGRESSIVE;
				GCC_WARN_UNUSED_FUNCTION = YES;
				GCC_WARN_UNUSED_VARIABLE = YES;
				IPHONEOS_DEPLOYMENT_TARGET = 8.3;
				MTL_ENABLE_DEBUG_INFO = YES;
				ONLY_ACTIVE_ARCH = YES;
				SDKROOT = iphoneos;
				SWIFT_OPTIMIZATION_LEVEL = "-Onone";
				TARGETED_DEVICE_FAMILY = "1,2";
			};
			name = Debug;
		};
		491E1D451B4220F1008F3411 /* Release */ = {
			isa = XCBuildConfiguration;
			buildSettings = {
				ALWAYS_SEARCH_USER_PATHS = NO;
				CLANG_CXX_LANGUAGE_STANDARD = "gnu++0x";
				CLANG_CXX_LIBRARY = "libc++";
				CLANG_ENABLE_MODULES = YES;
				CLANG_ENABLE_OBJC_ARC = YES;
				CLANG_WARN_BOOL_CONVERSION = YES;
				CLANG_WARN_CONSTANT_CONVERSION = YES;
				CLANG_WARN_DIRECT_OBJC_ISA_USAGE = YES_ERROR;
				CLANG_WARN_EMPTY_BODY = YES;
				CLANG_WARN_ENUM_CONVERSION = YES;
				CLANG_WARN_INT_CONVERSION = YES;
				CLANG_WARN_OBJC_ROOT_CLASS = YES_ERROR;
				CLANG_WARN_UNREACHABLE_CODE = YES;
				CLANG_WARN__DUPLICATE_METHOD_MATCH = YES;
				"CODE_SIGN_IDENTITY[sdk=iphoneos*]" = "iPhone Developer";
				COPY_PHASE_STRIP = NO;
				DEBUG_INFORMATION_FORMAT = "dwarf-with-dsym";
				ENABLE_NS_ASSERTIONS = NO;
				ENABLE_STRICT_OBJC_MSGSEND = YES;
				GCC_C_LANGUAGE_STANDARD = gnu99;
				GCC_NO_COMMON_BLOCKS = YES;
				GCC_WARN_64_TO_32_BIT_CONVERSION = YES;
				GCC_WARN_ABOUT_RETURN_TYPE = YES_ERROR;
				GCC_WARN_UNDECLARED_SELECTOR = YES;
				GCC_WARN_UNINITIALIZED_AUTOS = YES_AGGRESSIVE;
				GCC_WARN_UNUSED_FUNCTION = YES;
				GCC_WARN_UNUSED_VARIABLE = YES;
				IPHONEOS_DEPLOYMENT_TARGET = 8.3;
				MTL_ENABLE_DEBUG_INFO = NO;
				SDKROOT = iphoneos;
				TARGETED_DEVICE_FAMILY = "1,2";
				VALIDATE_PRODUCT = YES;
			};
			name = Release;
		};
		491E1D471B4220F1008F3411 /* Debug */ = {
			isa = XCBuildConfiguration;
			buildSettings = {
				ASSETCATALOG_COMPILER_APPICON_NAME = AppIcon;
				INFOPLIST_FILE = Animation/Info.plist;
				LD_RUNPATH_SEARCH_PATHS = "$(inherited) @executable_path/Frameworks";
				PRODUCT_NAME = "$(TARGET_NAME)";
			};
			name = Debug;
		};
		491E1D481B4220F1008F3411 /* Release */ = {
			isa = XCBuildConfiguration;
			buildSettings = {
				ASSETCATALOG_COMPILER_APPICON_NAME = AppIcon;
				INFOPLIST_FILE = Animation/Info.plist;
				LD_RUNPATH_SEARCH_PATHS = "$(inherited) @executable_path/Frameworks";
				PRODUCT_NAME = "$(TARGET_NAME)";
			};
			name = Release;
		};
		491E1D4A1B4220F1008F3411 /* Debug */ = {
			isa = XCBuildConfiguration;
			buildSettings = {
				BUNDLE_LOADER = "$(TEST_HOST)";
				FRAMEWORK_SEARCH_PATHS = (
					"$(SDKROOT)/Developer/Library/Frameworks",
					"$(inherited)",
				);
				GCC_PREPROCESSOR_DEFINITIONS = (
					"DEBUG=1",
					"$(inherited)",
				);
				INFOPLIST_FILE = AnimationTests/Info.plist;
				LD_RUNPATH_SEARCH_PATHS = "$(inherited) @executable_path/Frameworks @loader_path/Frameworks";
				PRODUCT_NAME = "$(TARGET_NAME)";
				TEST_HOST = "$(BUILT_PRODUCTS_DIR)/Animation.app/Animation";
			};
			name = Debug;
		};
		491E1D4B1B4220F1008F3411 /* Release */ = {
			isa = XCBuildConfiguration;
			buildSettings = {
				BUNDLE_LOADER = "$(TEST_HOST)";
				FRAMEWORK_SEARCH_PATHS = (
					"$(SDKROOT)/Developer/Library/Frameworks",
					"$(inherited)",
				);
				INFOPLIST_FILE = AnimationTests/Info.plist;
				LD_RUNPATH_SEARCH_PATHS = "$(inherited) @executable_path/Frameworks @loader_path/Frameworks";
				PRODUCT_NAME = "$(TARGET_NAME)";
				TEST_HOST = "$(BUILT_PRODUCTS_DIR)/Animation.app/Animation";
			};
			name = Release;
		};
/* End XCBuildConfiguration section */

/* Begin XCConfigurationList section */
		491E1D221B4220F1008F3411 /* Build configuration list for PBXProject "Animation" */ = {
			isa = XCConfigurationList;
			buildConfigurations = (
				491E1D441B4220F1008F3411 /* Debug */,
				491E1D451B4220F1008F3411 /* Release */,
			);
			defaultConfigurationIsVisible = 0;
			defaultConfigurationName = Release;
		};
		491E1D461B4220F1008F3411 /* Build configuration list for PBXNativeTarget "Animation" */ = {
			isa = XCConfigurationList;
			buildConfigurations = (
				491E1D471B4220F1008F3411 /* Debug */,
				491E1D481B4220F1008F3411 /* Release */,
			);
			defaultConfigurationIsVisible = 0;
		};
		491E1D491B4220F1008F3411 /* Build configuration list for PBXNativeTarget "AnimationTests" */ = {
			isa = XCConfigurationList;
			buildConfigurations = (
				491E1D4A1B4220F1008F3411 /* Debug */,
				491E1D4B1B4220F1008F3411 /* Release */,
			);
			defaultConfigurationIsVisible = 0;
		};
/* End XCConfigurationList section */
	};
	rootObject = 491E1D1F1B4220F1008F3411 /* Project object */;
}
