// !$*UTF8*$!
{
	archiveVersion = 1;
	classes = {
	};
	objectVersion = 46;
	objects = {

/* Begin PBXBuildFile section */
		30C35CC01ADC28AB00681199 /* AppDelegate.swift in Sources */ = {isa = PBXBuildFile; fileRef = 30C35CBF1ADC28AB00681199 /* AppDelegate.swift */; };
		30C35CC21ADC28AB00681199 /* ViewController.swift in Sources */ = {isa = PBXBuildFile; fileRef = 30C35CC11ADC28AB00681199 /* ViewController.swift */; };
		30C35CC51ADC28AB00681199 /* Main.storyboard in Resources */ = {isa = PBXBuildFile; fileRef = 30C35CC31ADC28AB00681199 /* Main.storyboard */; };
		30C35CC71ADC28AB00681199 /* Images.xcassets in Resources */ = {isa = PBXBuildFile; fileRef = 30C35CC61ADC28AB00681199 /* Images.xcassets */; };
		30C35CCA1ADC28AB00681199 /* LaunchScreen.xib in Resources */ = {isa = PBXBuildFile; fileRef = 30C35CC81ADC28AB00681199 /* LaunchScreen.xib */; };
		30C35CD61ADC28AB00681199 /* Cinco_BolaTests.swift in Sources */ = {isa = PBXBuildFile; fileRef = 30C35CD51ADC28AB00681199 /* Cinco_BolaTests.swift */; };
		30E9C8121ADD7230003A15A5 /* Cell.swift in Sources */ = {isa = PBXBuildFile; fileRef = 30E9C8111ADD7230003A15A5 /* Cell.swift */; };
		30FEB53E1ADEC58D006B838C /* WeightNoteSingleton.swift in Sources */ = {isa = PBXBuildFile; fileRef = 30FEB53D1ADEC58D006B838C /* WeightNoteSingleton.swift */; };
/* End PBXBuildFile section */

/* Begin PBXContainerItemProxy section */
		30C35CD01ADC28AB00681199 /* PBXContainerItemProxy */ = {
			isa = PBXContainerItemProxy;
			containerPortal = 30C35CB21ADC28AB00681199 /* Project object */;
			proxyType = 1;
			remoteGlobalIDString = 30C35CB91ADC28AB00681199;
			remoteInfo = "Cinco Bola";
		};
/* End PBXContainerItemProxy section */

/* Begin PBXFileReference section */
		30C35CBA1ADC28AB00681199 /* Cinco Bola.app */ = {isa = PBXFileReference; explicitFileType = wrapper.application; includeInIndex = 0; path = "Cinco Bola.app"; sourceTree = BUILT_PRODUCTS_DIR; };
		30C35CBE1ADC28AB00681199 /* Info.plist */ = {isa = PBXFileReference; lastKnownFileType = text.plist.xml; path = Info.plist; sourceTree = "<group>"; };
		30C35CBF1ADC28AB00681199 /* AppDelegate.swift */ = {isa = PBXFileReference; lastKnownFileType = sourcecode.swift; path = AppDelegate.swift; sourceTree = "<group>"; };
		30C35CC11ADC28AB00681199 /* ViewController.swift */ = {isa = PBXFileReference; lastKnownFileType = sourcecode.swift; path = ViewController.swift; sourceTree = "<group>"; };
		30C35CC41ADC28AB00681199 /* Base */ = {isa = PBXFileReference; lastKnownFileType = file.storyboard; name = Base; path = Base.lproj/Main.storyboard; sourceTree = "<group>"; };
		30C35CC61ADC28AB00681199 /* Images.xcassets */ = {isa = PBXFileReference; lastKnownFileType = folder.assetcatalog; path = Images.xcassets; sourceTree = "<group>"; };
		30C35CC91ADC28AB00681199 /* Base */ = {isa = PBXFileReference; lastKnownFileType = file.xib; name = Base; path = Base.lproj/LaunchScreen.xib; sourceTree = "<group>"; };
		30C35CCF1ADC28AB00681199 /* Cinco BolaTests.xctest */ = {isa = PBXFileReference; explicitFileType = wrapper.cfbundle; includeInIndex = 0; path = "Cinco BolaTests.xctest"; sourceTree = BUILT_PRODUCTS_DIR; };
		30C35CD41ADC28AB00681199 /* Info.plist */ = {isa = PBXFileReference; lastKnownFileType = text.plist.xml; path = Info.plist; sourceTree = "<group>"; };
		30C35CD51ADC28AB00681199 /* Cinco_BolaTests.swift */ = {isa = PBXFileReference; lastKnownFileType = sourcecode.swift; path = Cinco_BolaTests.swift; sourceTree = "<group>"; };
		30E9C8111ADD7230003A15A5 /* Cell.swift */ = {isa = PBXFileReference; fileEncoding = 4; lastKnownFileType = sourcecode.swift; path = Cell.swift; sourceTree = "<group>"; };
		30FEB53D1ADEC58D006B838C /* WeightNoteSingleton.swift */ = {isa = PBXFileReference; fileEncoding = 4; lastKnownFileType = sourcecode.swift; path = WeightNoteSingleton.swift; sourceTree = "<group>"; };
/* End PBXFileReference section */

/* Begin PBXFrameworksBuildPhase section */
		30C35CB71ADC28AB00681199 /* Frameworks */ = {
			isa = PBXFrameworksBuildPhase;
			buildActionMask = 2147483647;
			files = (
			);
			runOnlyForDeploymentPostprocessing = 0;
		};
		30C35CCC1ADC28AB00681199 /* Frameworks */ = {
			isa = PBXFrameworksBuildPhase;
			buildActionMask = 2147483647;
			files = (
			);
			runOnlyForDeploymentPostprocessing = 0;
		};
/* End PBXFrameworksBuildPhase section */

/* Begin PBXGroup section */
		30C35CB11ADC28AB00681199 = {
			isa = PBXGroup;
			children = (
				30C35CBC1ADC28AB00681199 /* Cinco Bola */,
				30C35CD21ADC28AB00681199 /* Cinco BolaTests */,
				30C35CBB1ADC28AB00681199 /* Products */,
			);
			sourceTree = "<group>";
		};
		30C35CBB1ADC28AB00681199 /* Products */ = {
			isa = PBXGroup;
			children = (
				30C35CBA1ADC28AB00681199 /* Cinco Bola.app */,
				30C35CCF1ADC28AB00681199 /* Cinco BolaTests.xctest */,
			);
			name = Products;
			sourceTree = "<group>";
		};
		30C35CBC1ADC28AB00681199 /* Cinco Bola */ = {
			isa = PBXGroup;
			children = (
				30C35CBF1ADC28AB00681199 /* AppDelegate.swift */,
				30FEB53D1ADEC58D006B838C /* WeightNoteSingleton.swift */,
				30E9C8111ADD7230003A15A5 /* Cell.swift */,
				30C35CC11ADC28AB00681199 /* ViewController.swift */,
				30C35CC31ADC28AB00681199 /* Main.storyboard */,
				30C35CC61ADC28AB00681199 /* Images.xcassets */,
				30C35CC81ADC28AB00681199 /* LaunchScreen.xib */,
				30C35CBD1ADC28AB00681199 /* Supporting Files */,
			);
			path = "Cinco Bola";
			sourceTree = "<group>";
		};
		30C35CBD1ADC28AB00681199 /* Supporting Files */ = {
			isa = PBXGroup;
			children = (
				30C35CBE1ADC28AB00681199 /* Info.plist */,
			);
			name = "Supporting Files";
			sourceTree = "<group>";
		};
		30C35CD21ADC28AB00681199 /* Cinco BolaTests */ = {
			isa = PBXGroup;
			children = (
				30C35CD51ADC28AB00681199 /* Cinco_BolaTests.swift */,
				30C35CD31ADC28AB00681199 /* Supporting Files */,
			);
			path = "Cinco BolaTests";
			sourceTree = "<group>";
		};
		30C35CD31ADC28AB00681199 /* Supporting Files */ = {
			isa = PBXGroup;
			children = (
				30C35CD41ADC28AB00681199 /* Info.plist */,
			);
			name = "Supporting Files";
			sourceTree = "<group>";
		};
/* End PBXGroup section */

/* Begin PBXNativeTarget section */
		30C35CB91ADC28AB00681199 /* Cinco Bola */ = {
			isa = PBXNativeTarget;
			buildConfigurationList = 30C35CD91ADC28AB00681199 /* Build configuration list for PBXNativeTarget "Cinco Bola" */;
			buildPhases = (
				30C35CB61ADC28AB00681199 /* Sources */,
				30C35CB71ADC28AB00681199 /* Frameworks */,
				30C35CB81ADC28AB00681199 /* Resources */,
			);
			buildRules = (
			);
			dependencies = (
			);
			name = "Cinco Bola";
			productName = "Cinco Bola";
			productReference = 30C35CBA1ADC28AB00681199 /* Cinco Bola.app */;
			productType = "com.apple.product-type.application";
		};
		30C35CCE1ADC28AB00681199 /* Cinco BolaTests */ = {
			isa = PBXNativeTarget;
			buildConfigurationList = 30C35CDC1ADC28AB00681199 /* Build configuration list for PBXNativeTarget "Cinco BolaTests" */;
			buildPhases = (
				30C35CCB1ADC28AB00681199 /* Sources */,
				30C35CCC1ADC28AB00681199 /* Frameworks */,
				30C35CCD1ADC28AB00681199 /* Resources */,
			);
			buildRules = (
			);
			dependencies = (
				30C35CD11ADC28AB00681199 /* PBXTargetDependency */,
			);
			name = "Cinco BolaTests";
			productName = "Cinco BolaTests";
			productReference = 30C35CCF1ADC28AB00681199 /* Cinco BolaTests.xctest */;
			productType = "com.apple.product-type.bundle.unit-test";
		};
/* End PBXNativeTarget section */

/* Begin PBXProject section */
		30C35CB21ADC28AB00681199 /* Project object */ = {
			isa = PBXProject;
			attributes = {
				LastUpgradeCheck = 0630;
				ORGANIZATIONNAME = "Kaique de Souza Monteiro";
				TargetAttributes = {
					30C35CB91ADC28AB00681199 = {
						CreatedOnToolsVersion = 6.3;
					};
					30C35CCE1ADC28AB00681199 = {
						CreatedOnToolsVersion = 6.3;
						TestTargetID = 30C35CB91ADC28AB00681199;
					};
				};
			};
			buildConfigurationList = 30C35CB51ADC28AB00681199 /* Build configuration list for PBXProject "Cinco Bola" */;
			compatibilityVersion = "Xcode 3.2";
			developmentRegion = English;
			hasScannedForEncodings = 0;
			knownRegions = (
				en,
				Base,
			);
			mainGroup = 30C35CB11ADC28AB00681199;
			productRefGroup = 30C35CBB1ADC28AB00681199 /* Products */;
			projectDirPath = "";
			projectRoot = "";
			targets = (
				30C35CB91ADC28AB00681199 /* Cinco Bola */,
				30C35CCE1ADC28AB00681199 /* Cinco BolaTests */,
			);
		};
/* End PBXProject section */

/* Begin PBXResourcesBuildPhase section */
		30C35CB81ADC28AB00681199 /* Resources */ = {
			isa = PBXResourcesBuildPhase;
			buildActionMask = 2147483647;
			files = (
				30C35CC51ADC28AB00681199 /* Main.storyboard in Resources */,
				30C35CCA1ADC28AB00681199 /* LaunchScreen.xib in Resources */,
				30C35CC71ADC28AB00681199 /* Images.xcassets in Resources */,
			);
			runOnlyForDeploymentPostprocessing = 0;
		};
		30C35CCD1ADC28AB00681199 /* Resources */ = {
			isa = PBXResourcesBuildPhase;
			buildActionMask = 2147483647;
			files = (
			);
			runOnlyForDeploymentPostprocessing = 0;
		};
/* End PBXResourcesBuildPhase section */

/* Begin PBXSourcesBuildPhase section */
		30C35CB61ADC28AB00681199 /* Sources */ = {
			isa = PBXSourcesBuildPhase;
			buildActionMask = 2147483647;
			files = (
				30C35CC21ADC28AB00681199 /* ViewController.swift in Sources */,
				30FEB53E1ADEC58D006B838C /* WeightNoteSingleton.swift in Sources */,
				30C35CC01ADC28AB00681199 /* AppDelegate.swift in Sources */,
				30E9C8121ADD7230003A15A5 /* Cell.swift in Sources */,
			);
			runOnlyForDeploymentPostprocessing = 0;
		};
		30C35CCB1ADC28AB00681199 /* Sources */ = {
			isa = PBXSourcesBuildPhase;
			buildActionMask = 2147483647;
			files = (
				30C35CD61ADC28AB00681199 /* Cinco_BolaTests.swift in Sources */,
			);
			runOnlyForDeploymentPostprocessing = 0;
		};
/* End PBXSourcesBuildPhase section */

/* Begin PBXTargetDependency section */
		30C35CD11ADC28AB00681199 /* PBXTargetDependency */ = {
			isa = PBXTargetDependency;
			target = 30C35CB91ADC28AB00681199 /* Cinco Bola */;
			targetProxy = 30C35CD01ADC28AB00681199 /* PBXContainerItemProxy */;
		};
/* End PBXTargetDependency section */

/* Begin PBXVariantGroup section */
		30C35CC31ADC28AB00681199 /* Main.storyboard */ = {
			isa = PBXVariantGroup;
			children = (
				30C35CC41ADC28AB00681199 /* Base */,
			);
			name = Main.storyboard;
			sourceTree = "<group>";
		};
		30C35CC81ADC28AB00681199 /* LaunchScreen.xib */ = {
			isa = PBXVariantGroup;
			children = (
				30C35CC91ADC28AB00681199 /* Base */,
			);
			name = LaunchScreen.xib;
			sourceTree = "<group>";
		};
/* End PBXVariantGroup section */

/* Begin XCBuildConfiguration section */
		30C35CD71ADC28AB00681199 /* Debug */ = {
			isa = XCBuildConfiguration;
			buildSettings = {
				ALWAYS_SEARCH_USER_PATHS = NO;
				CLANG_CXX_LANGUAGE_STANDARD = "gnu++0x";
				CLANG_CXX_LIBRARY = "libc++";
				CLANG_ENABLE_MODULES = YES;
				CLANG_ENABLE_OBJC_ARC = YES;
				CLANG_WARN_BOOL_CONVERSION = YES;
				CLANG_WARN_CONSTANT_CONVERSION = YES;
				CLANG_WARN_DIRECT_OBJC_ISA_USAGE = YES_ERROR;
				CLANG_WARN_EMPTY_BODY = YES;
				CLANG_WARN_ENUM_CONVERSION = YES;
				CLANG_WARN_INT_CONVERSION = YES;
				CLANG_WARN_OBJC_ROOT_CLASS = YES_ERROR;
				CLANG_WARN_UNREACHABLE_CODE = YES;
				CLANG_WARN__DUPLICATE_METHOD_MATCH = YES;
				"CODE_SIGN_IDENTITY[sdk=iphoneos*]" = "iPhone Developer";
				COPY_PHASE_STRIP = NO;
				DEBUG_INFORMATION_FORMAT = "dwarf-with-dsym";
				ENABLE_STRICT_OBJC_MSGSEND = YES;
				GCC_C_LANGUAGE_STANDARD = gnu99;
				GCC_DYNAMIC_NO_PIC = NO;
				GCC_NO_COMMON_BLOCKS = YES;
				GCC_OPTIMIZATION_LEVEL = 0;
				GCC_PREPROCESSOR_DEFINITIONS = (
					"DEBUG=1",
					"$(inherited)",
				);
				GCC_SYMBOLS_PRIVATE_EXTERN = NO;
				GCC_WARN_64_TO_32_BIT_CONVERSION = YES;
				GCC_WARN_ABOUT_RETURN_TYPE = YES_ERROR;
				GCC_WARN_UNDECLARED_SELECTOR = YES;
				GCC_WARN_UNINITIALIZED_AUTOS = YES_AGGRESSIVE;
				GCC_WARN_UNUSED_FUNCTION = YES;
				GCC_WARN_UNUSED_VARIABLE = YES;
				IPHONEOS_DEPLOYMENT_TARGET = 8.3;
				MTL_ENABLE_DEBUG_INFO = YES;
				ONLY_ACTIVE_ARCH = YES;
				SDKROOT = iphoneos;
				SWIFT_OPTIMIZATION_LEVEL = "-Onone";
			};
			name = Debug;
		};
		30C35CD81ADC28AB00681199 /* Release */ = {
			isa = XCBuildConfiguration;
			buildSettings = {
				ALWAYS_SEARCH_USER_PATHS = NO;
				CLANG_CXX_LANGUAGE_STANDARD = "gnu++0x";
				CLANG_CXX_LIBRARY = "libc++";
				CLANG_ENABLE_MODULES = YES;
				CLANG_ENABLE_OBJC_ARC = YES;
				CLANG_WARN_BOOL_CONVERSION = YES;
				CLANG_WARN_CONSTANT_CONVERSION = YES;
				CLANG_WARN_DIRECT_OBJC_ISA_USAGE = YES_ERROR;
				CLANG_WARN_EMPTY_BODY = YES;
				CLANG_WARN_ENUM_CONVERSION = YES;
				CLANG_WARN_INT_CONVERSION = YES;
				CLANG_WARN_OBJC_ROOT_CLASS = YES_ERROR;
				CLANG_WARN_UNREACHABLE_CODE = YES;
				CLANG_WARN__DUPLICATE_METHOD_MATCH = YES;
				"CODE_SIGN_IDENTITY[sdk=iphoneos*]" = "iPhone Developer";
				COPY_PHASE_STRIP = NO;
				DEBUG_INFORMATION_FORMAT = "dwarf-with-dsym";
				ENABLE_NS_ASSERTIONS = NO;
				ENABLE_STRICT_OBJC_MSGSEND = YES;
				GCC_C_LANGUAGE_STANDARD = gnu99;
				GCC_NO_COMMON_BLOCKS = YES;
				GCC_WARN_64_TO_32_BIT_CONVERSION = YES;
				GCC_WARN_ABOUT_RETURN_TYPE = YES_ERROR;
				GCC_WARN_UNDECLARED_SELECTOR = YES;
				GCC_WARN_UNINITIALIZED_AUTOS = YES_AGGRESSIVE;
				GCC_WARN_UNUSED_FUNCTION = YES;
				GCC_WARN_UNUSED_VARIABLE = YES;
				IPHONEOS_DEPLOYMENT_TARGET = 8.3;
				MTL_ENABLE_DEBUG_INFO = NO;
				SDKROOT = iphoneos;
				VALIDATE_PRODUCT = YES;
			};
			name = Release;
		};
		30C35CDA1ADC28AB00681199 /* Debug */ = {
			isa = XCBuildConfiguration;
			buildSettings = {
				ASSETCATALOG_COMPILER_APPICON_NAME = AppIcon;
				INFOPLIST_FILE = "Cinco Bola/Info.plist";
				LD_RUNPATH_SEARCH_PATHS = "$(inherited) @executable_path/Frameworks";
				PRODUCT_NAME = "$(TARGET_NAME)";
			};
			name = Debug;
		};
		30C35CDB1ADC28AB00681199 /* Release */ = {
			isa = XCBuildConfiguration;
			buildSettings = {
				ASSETCATALOG_COMPILER_APPICON_NAME = AppIcon;
				INFOPLIST_FILE = "Cinco Bola/Info.plist";
				LD_RUNPATH_SEARCH_PATHS = "$(inherited) @executable_path/Frameworks";
				PRODUCT_NAME = "$(TARGET_NAME)";
			};
			name = Release;
		};
		30C35CDD1ADC28AB00681199 /* Debug */ = {
			isa = XCBuildConfiguration;
			buildSettings = {
				BUNDLE_LOADER = "$(TEST_HOST)";
				FRAMEWORK_SEARCH_PATHS = (
					"$(SDKROOT)/Developer/Library/Frameworks",
					"$(inherited)",
				);
				GCC_PREPROCESSOR_DEFINITIONS = (
					"DEBUG=1",
					"$(inherited)",
				);
				INFOPLIST_FILE = "Cinco BolaTests/Info.plist";
				LD_RUNPATH_SEARCH_PATHS = "$(inherited) @executable_path/Frameworks @loader_path/Frameworks";
				PRODUCT_NAME = "$(TARGET_NAME)";
				TEST_HOST = "$(BUILT_PRODUCTS_DIR)/Cinco Bola.app/Cinco Bola";
			};
			name = Debug;
		};
		30C35CDE1ADC28AB00681199 /* Release */ = {
			isa = XCBuildConfiguration;
			buildSettings = {
				BUNDLE_LOADER = "$(TEST_HOST)";
				FRAMEWORK_SEARCH_PATHS = (
					"$(SDKROOT)/Developer/Library/Frameworks",
					"$(inherited)",
				);
				INFOPLIST_FILE = "Cinco BolaTests/Info.plist";
				LD_RUNPATH_SEARCH_PATHS = "$(inherited) @executable_path/Frameworks @loader_path/Frameworks";
				PRODUCT_NAME = "$(TARGET_NAME)";
				TEST_HOST = "$(BUILT_PRODUCTS_DIR)/Cinco Bola.app/Cinco Bola";
			};
			name = Release;
		};
/* End XCBuildConfiguration section */

/* Begin XCConfigurationList section */
		30C35CB51ADC28AB00681199 /* Build configuration list for PBXProject "Cinco Bola" */ = {
			isa = XCConfigurationList;
			buildConfigurations = (
				30C35CD71ADC28AB00681199 /* Debug */,
				30C35CD81ADC28AB00681199 /* Release */,
			);
			defaultConfigurationIsVisible = 0;
			defaultConfigurationName = Release;
		};
		30C35CD91ADC28AB00681199 /* Build configuration list for PBXNativeTarget "Cinco Bola" */ = {
			isa = XCConfigurationList;
			buildConfigurations = (
				30C35CDA1ADC28AB00681199 /* Debug */,
				30C35CDB1ADC28AB00681199 /* Release */,
			);
			defaultConfigurationIsVisible = 0;
			defaultConfigurationName = Release;
		};
		30C35CDC1ADC28AB00681199 /* Build configuration list for PBXNativeTarget "Cinco BolaTests" */ = {
			isa = XCConfigurationList;
			buildConfigurations = (
				30C35CDD1ADC28AB00681199 /* Debug */,
				30C35CDE1ADC28AB00681199 /* Release */,
			);
			defaultConfigurationIsVisible = 0;
			defaultConfigurationName = Release;
		};
/* End XCConfigurationList section */
	};
	rootObject = 30C35CB21ADC28AB00681199 /* Project object */;
}
