// !$*UTF8*$!
{
	archiveVersion = 1;
	classes = {
	};
	objectVersion = 46;
	objects = {

/* Begin PBXBuildFile section */
		490DB41D1B1778BC00074C84 /* GameEngine.swift in Sources */ = {isa = PBXBuildFile; fileRef = 490DB41C1B1778BC00074C84 /* GameEngine.swift */; };
		490DB41F1B1778D100074C84 /* GameState.swift in Sources */ = {isa = PBXBuildFile; fileRef = 490DB41E1B1778D100074C84 /* GameState.swift */; };
		490DB4211B177F9D00074C84 /* PlayerState.swift in Sources */ = {isa = PBXBuildFile; fileRef = 490DB4201B177F9D00074C84 /* PlayerState.swift */; };
		490DB4231B17825100074C84 /* GameUtil.swift in Sources */ = {isa = PBXBuildFile; fileRef = 490DB4221B17825100074C84 /* GameUtil.swift */; };
		490DB4251B17905500074C84 /* OtherPlayerState.swift in Sources */ = {isa = PBXBuildFile; fileRef = 490DB4241B17905500074C84 /* OtherPlayerState.swift */; };
		490DB4281B17B25900074C84 /* EndGameState.swift in Sources */ = {isa = PBXBuildFile; fileRef = 490DB4271B17B25900074C84 /* EndGameState.swift */; };
		49EFBEC61B17429F00FE6B06 /* AppDelegate.swift in Sources */ = {isa = PBXBuildFile; fileRef = 49EFBEC51B17429F00FE6B06 /* AppDelegate.swift */; };
		49EFBECB1B17429F00FE6B06 /* Main.storyboard in Resources */ = {isa = PBXBuildFile; fileRef = 49EFBEC91B17429F00FE6B06 /* Main.storyboard */; };
		49EFBECD1B17429F00FE6B06 /* Images.xcassets in Resources */ = {isa = PBXBuildFile; fileRef = 49EFBECC1B17429F00FE6B06 /* Images.xcassets */; };
		49EFBED01B17429F00FE6B06 /* LaunchScreen.xib in Resources */ = {isa = PBXBuildFile; fileRef = 49EFBECE1B17429F00FE6B06 /* LaunchScreen.xib */; };
		49EFBEDC1B17429F00FE6B06 /* TicTacToeTests.swift in Sources */ = {isa = PBXBuildFile; fileRef = 49EFBEDB1B17429F00FE6B06 /* TicTacToeTests.swift */; };
		49EFBEE71B17520A00FE6B06 /* TicTacToeView.swift in Sources */ = {isa = PBXBuildFile; fileRef = 49EFBEE61B17520A00FE6B06 /* TicTacToeView.swift */; };
		49EFBEE91B1757AB00FE6B06 /* GameTypes.swift in Sources */ = {isa = PBXBuildFile; fileRef = 49EFBEE81B1757AB00FE6B06 /* GameTypes.swift */; };
		49EFBEED1B175CC300FE6B06 /* TicTacToeViewController.swift in Sources */ = {isa = PBXBuildFile; fileRef = 49EFBEEC1B175CC300FE6B06 /* TicTacToeViewController.swift */; };
/* End PBXBuildFile section */

/* Begin PBXContainerItemProxy section */
		49EFBED61B17429F00FE6B06 /* PBXContainerItemProxy */ = {
			isa = PBXContainerItemProxy;
			containerPortal = 49EFBEB81B17429F00FE6B06 /* Project object */;
			proxyType = 1;
			remoteGlobalIDString = 49EFBEBF1B17429F00FE6B06;
			remoteInfo = TicTacToe;
		};
/* End PBXContainerItemProxy section */

/* Begin PBXFileReference section */
		490DB41C1B1778BC00074C84 /* GameEngine.swift */ = {isa = PBXFileReference; fileEncoding = 4; lastKnownFileType = sourcecode.swift; path = GameEngine.swift; sourceTree = "<group>"; };
		490DB41E1B1778D100074C84 /* GameState.swift */ = {isa = PBXFileReference; fileEncoding = 4; lastKnownFileType = sourcecode.swift; path = GameState.swift; sourceTree = "<group>"; };
		490DB4201B177F9D00074C84 /* PlayerState.swift */ = {isa = PBXFileReference; fileEncoding = 4; lastKnownFileType = sourcecode.swift; path = PlayerState.swift; sourceTree = "<group>"; };
		490DB4221B17825100074C84 /* GameUtil.swift */ = {isa = PBXFileReference; fileEncoding = 4; lastKnownFileType = sourcecode.swift; path = GameUtil.swift; sourceTree = "<group>"; };
		490DB4241B17905500074C84 /* OtherPlayerState.swift */ = {isa = PBXFileReference; fileEncoding = 4; lastKnownFileType = sourcecode.swift; path = OtherPlayerState.swift; sourceTree = "<group>"; };
		490DB4271B17B25900074C84 /* EndGameState.swift */ = {isa = PBXFileReference; fileEncoding = 4; lastKnownFileType = sourcecode.swift; path = EndGameState.swift; sourceTree = "<group>"; };
		49EFBEC01B17429F00FE6B06 /* TicTacToe.app */ = {isa = PBXFileReference; explicitFileType = wrapper.application; includeInIndex = 0; path = TicTacToe.app; sourceTree = BUILT_PRODUCTS_DIR; };
		49EFBEC41B17429F00FE6B06 /* Info.plist */ = {isa = PBXFileReference; lastKnownFileType = text.plist.xml; path = Info.plist; sourceTree = "<group>"; };
		49EFBEC51B17429F00FE6B06 /* AppDelegate.swift */ = {isa = PBXFileReference; lastKnownFileType = sourcecode.swift; path = AppDelegate.swift; sourceTree = "<group>"; };
		49EFBECA1B17429F00FE6B06 /* Base */ = {isa = PBXFileReference; lastKnownFileType = file.storyboard; name = Base; path = Base.lproj/Main.storyboard; sourceTree = "<group>"; };
		49EFBECC1B17429F00FE6B06 /* Images.xcassets */ = {isa = PBXFileReference; lastKnownFileType = folder.assetcatalog; path = Images.xcassets; sourceTree = "<group>"; };
		49EFBECF1B17429F00FE6B06 /* Base */ = {isa = PBXFileReference; lastKnownFileType = file.xib; name = Base; path = Base.lproj/LaunchScreen.xib; sourceTree = "<group>"; };
		49EFBED51B17429F00FE6B06 /* TicTacToeTests.xctest */ = {isa = PBXFileReference; explicitFileType = wrapper.cfbundle; includeInIndex = 0; path = TicTacToeTests.xctest; sourceTree = BUILT_PRODUCTS_DIR; };
		49EFBEDA1B17429F00FE6B06 /* Info.plist */ = {isa = PBXFileReference; lastKnownFileType = text.plist.xml; path = Info.plist; sourceTree = "<group>"; };
		49EFBEDB1B17429F00FE6B06 /* TicTacToeTests.swift */ = {isa = PBXFileReference; lastKnownFileType = sourcecode.swift; path = TicTacToeTests.swift; sourceTree = "<group>"; };
		49EFBEE61B17520A00FE6B06 /* TicTacToeView.swift */ = {isa = PBXFileReference; fileEncoding = 4; lastKnownFileType = sourcecode.swift; path = TicTacToeView.swift; sourceTree = "<group>"; };
		49EFBEE81B1757AB00FE6B06 /* GameTypes.swift */ = {isa = PBXFileReference; fileEncoding = 4; lastKnownFileType = sourcecode.swift; path = GameTypes.swift; sourceTree = "<group>"; };
		49EFBEEC1B175CC300FE6B06 /* TicTacToeViewController.swift */ = {isa = PBXFileReference; fileEncoding = 4; lastKnownFileType = sourcecode.swift; path = TicTacToeViewController.swift; sourceTree = SOURCE_ROOT; };
/* End PBXFileReference section */

/* Begin PBXFrameworksBuildPhase section */
		49EFBEBD1B17429F00FE6B06 /* Frameworks */ = {
			isa = PBXFrameworksBuildPhase;
			buildActionMask = 2147483647;
			files = (
			);
			runOnlyForDeploymentPostprocessing = 0;
		};
		49EFBED21B17429F00FE6B06 /* Frameworks */ = {
			isa = PBXFrameworksBuildPhase;
			buildActionMask = 2147483647;
			files = (
			);
			runOnlyForDeploymentPostprocessing = 0;
		};
/* End PBXFrameworksBuildPhase section */

/* Begin PBXGroup section */
		490DB41A1B17789900074C84 /* Patterns */ = {
			isa = PBXGroup;
			children = (
				490DB41B1B1778A400074C84 /* State */,
			);
			name = Patterns;
			sourceTree = "<group>";
		};
		490DB41B1B1778A400074C84 /* State */ = {
			isa = PBXGroup;
			children = (
				490DB4261B17A8B300074C84 /* Util */,
				490DB41C1B1778BC00074C84 /* GameEngine.swift */,
				490DB41E1B1778D100074C84 /* GameState.swift */,
				490DB4201B177F9D00074C84 /* PlayerState.swift */,
				490DB4241B17905500074C84 /* OtherPlayerState.swift */,
				490DB4271B17B25900074C84 /* EndGameState.swift */,
			);
			name = State;
			sourceTree = "<group>";
		};
		490DB4261B17A8B300074C84 /* Util */ = {
			isa = PBXGroup;
			children = (
				490DB4221B17825100074C84 /* GameUtil.swift */,
			);
			name = Util;
			sourceTree = "<group>";
		};
		49EFBEB71B17429F00FE6B06 = {
			isa = PBXGroup;
			children = (
				49EFBEC21B17429F00FE6B06 /* TicTacToe */,
				49EFBED81B17429F00FE6B06 /* TicTacToeTests */,
				49EFBEC11B17429F00FE6B06 /* Products */,
			);
			sourceTree = "<group>";
		};
		49EFBEC11B17429F00FE6B06 /* Products */ = {
			isa = PBXGroup;
			children = (
				49EFBEC01B17429F00FE6B06 /* TicTacToe.app */,
				49EFBED51B17429F00FE6B06 /* TicTacToeTests.xctest */,
			);
			name = Products;
			sourceTree = "<group>";
		};
		49EFBEC21B17429F00FE6B06 /* TicTacToe */ = {
			isa = PBXGroup;
			children = (
				49EFBEE81B1757AB00FE6B06 /* GameTypes.swift */,
				490DB41A1B17789900074C84 /* Patterns */,
				49EFBEE51B174E1400FE6B06 /* TicTacToeView */,
				49EFBEC51B17429F00FE6B06 /* AppDelegate.swift */,
				49EFBEEC1B175CC300FE6B06 /* TicTacToeViewController.swift */,
				49EFBEC91B17429F00FE6B06 /* Main.storyboard */,
				49EFBECC1B17429F00FE6B06 /* Images.xcassets */,
				49EFBECE1B17429F00FE6B06 /* LaunchScreen.xib */,
				49EFBEC31B17429F00FE6B06 /* Supporting Files */,
			);
			path = TicTacToe;
			sourceTree = "<group>";
		};
		49EFBEC31B17429F00FE6B06 /* Supporting Files */ = {
			isa = PBXGroup;
			children = (
				49EFBEC41B17429F00FE6B06 /* Info.plist */,
			);
			name = "Supporting Files";
			sourceTree = "<group>";
		};
		49EFBED81B17429F00FE6B06 /* TicTacToeTests */ = {
			isa = PBXGroup;
			children = (
				49EFBEDB1B17429F00FE6B06 /* TicTacToeTests.swift */,
				49EFBED91B17429F00FE6B06 /* Supporting Files */,
			);
			path = TicTacToeTests;
			sourceTree = "<group>";
		};
		49EFBED91B17429F00FE6B06 /* Supporting Files */ = {
			isa = PBXGroup;
			children = (
				49EFBEDA1B17429F00FE6B06 /* Info.plist */,
			);
			name = "Supporting Files";
			sourceTree = "<group>";
		};
		49EFBEE51B174E1400FE6B06 /* TicTacToeView */ = {
			isa = PBXGroup;
			children = (
				49EFBEE61B17520A00FE6B06 /* TicTacToeView.swift */,
			);
			name = TicTacToeView;
			sourceTree = "<group>";
		};
/* End PBXGroup section */

/* Begin PBXNativeTarget section */
		49EFBEBF1B17429F00FE6B06 /* TicTacToe */ = {
			isa = PBXNativeTarget;
			buildConfigurationList = 49EFBEDF1B17429F00FE6B06 /* Build configuration list for PBXNativeTarget "TicTacToe" */;
			buildPhases = (
				49EFBEBC1B17429F00FE6B06 /* Sources */,
				49EFBEBD1B17429F00FE6B06 /* Frameworks */,
				49EFBEBE1B17429F00FE6B06 /* Resources */,
			);
			buildRules = (
			);
			dependencies = (
			);
			name = TicTacToe;
			productName = TicTacToe;
			productReference = 49EFBEC01B17429F00FE6B06 /* TicTacToe.app */;
			productType = "com.apple.product-type.application";
		};
		49EFBED41B17429F00FE6B06 /* TicTacToeTests */ = {
			isa = PBXNativeTarget;
			buildConfigurationList = 49EFBEE21B17429F00FE6B06 /* Build configuration list for PBXNativeTarget "TicTacToeTests" */;
			buildPhases = (
				49EFBED11B17429F00FE6B06 /* Sources */,
				49EFBED21B17429F00FE6B06 /* Frameworks */,
				49EFBED31B17429F00FE6B06 /* Resources */,
			);
			buildRules = (
			);
			dependencies = (
				49EFBED71B17429F00FE6B06 /* PBXTargetDependency */,
			);
			name = TicTacToeTests;
			productName = TicTacToeTests;
			productReference = 49EFBED51B17429F00FE6B06 /* TicTacToeTests.xctest */;
			productType = "com.apple.product-type.bundle.unit-test";
		};
/* End PBXNativeTarget section */

/* Begin PBXProject section */
		49EFBEB81B17429F00FE6B06 /* Project object */ = {
			isa = PBXProject;
			attributes = {
				LastUpgradeCheck = 0630;
				ORGANIZATIONNAME = "SERGIO J RAFAEL ORDINE";
				TargetAttributes = {
					49EFBEBF1B17429F00FE6B06 = {
						CreatedOnToolsVersion = 6.3.1;
					};
					49EFBED41B17429F00FE6B06 = {
						CreatedOnToolsVersion = 6.3.1;
						TestTargetID = 49EFBEBF1B17429F00FE6B06;
					};
				};
			};
			buildConfigurationList = 49EFBEBB1B17429F00FE6B06 /* Build configuration list for PBXProject "TicTacToe" */;
			compatibilityVersion = "Xcode 3.2";
			developmentRegion = English;
			hasScannedForEncodings = 0;
			knownRegions = (
				en,
				Base,
			);
			mainGroup = 49EFBEB71B17429F00FE6B06;
			productRefGroup = 49EFBEC11B17429F00FE6B06 /* Products */;
			projectDirPath = "";
			projectRoot = "";
			targets = (
				49EFBEBF1B17429F00FE6B06 /* TicTacToe */,
				49EFBED41B17429F00FE6B06 /* TicTacToeTests */,
			);
		};
/* End PBXProject section */

/* Begin PBXResourcesBuildPhase section */
		49EFBEBE1B17429F00FE6B06 /* Resources */ = {
			isa = PBXResourcesBuildPhase;
			buildActionMask = 2147483647;
			files = (
				49EFBECB1B17429F00FE6B06 /* Main.storyboard in Resources */,
				49EFBED01B17429F00FE6B06 /* LaunchScreen.xib in Resources */,
				49EFBECD1B17429F00FE6B06 /* Images.xcassets in Resources */,
			);
			runOnlyForDeploymentPostprocessing = 0;
		};
		49EFBED31B17429F00FE6B06 /* Resources */ = {
			isa = PBXResourcesBuildPhase;
			buildActionMask = 2147483647;
			files = (
			);
			runOnlyForDeploymentPostprocessing = 0;
		};
/* End PBXResourcesBuildPhase section */

/* Begin PBXSourcesBuildPhase section */
		49EFBEBC1B17429F00FE6B06 /* Sources */ = {
			isa = PBXSourcesBuildPhase;
			buildActionMask = 2147483647;
			files = (
				490DB41F1B1778D100074C84 /* GameState.swift in Sources */,
				49EFBEE71B17520A00FE6B06 /* TicTacToeView.swift in Sources */,
				490DB4231B17825100074C84 /* GameUtil.swift in Sources */,
				490DB4211B177F9D00074C84 /* PlayerState.swift in Sources */,
				490DB4281B17B25900074C84 /* EndGameState.swift in Sources */,
				490DB41D1B1778BC00074C84 /* GameEngine.swift in Sources */,
				490DB4251B17905500074C84 /* OtherPlayerState.swift in Sources */,
				49EFBEED1B175CC300FE6B06 /* TicTacToeViewController.swift in Sources */,
				49EFBEC61B17429F00FE6B06 /* AppDelegate.swift in Sources */,
				49EFBEE91B1757AB00FE6B06 /* GameTypes.swift in Sources */,
			);
			runOnlyForDeploymentPostprocessing = 0;
		};
		49EFBED11B17429F00FE6B06 /* Sources */ = {
			isa = PBXSourcesBuildPhase;
			buildActionMask = 2147483647;
			files = (
				49EFBEDC1B17429F00FE6B06 /* TicTacToeTests.swift in Sources */,
			);
			runOnlyForDeploymentPostprocessing = 0;
		};
/* End PBXSourcesBuildPhase section */

/* Begin PBXTargetDependency section */
		49EFBED71B17429F00FE6B06 /* PBXTargetDependency */ = {
			isa = PBXTargetDependency;
			target = 49EFBEBF1B17429F00FE6B06 /* TicTacToe */;
			targetProxy = 49EFBED61B17429F00FE6B06 /* PBXContainerItemProxy */;
		};
/* End PBXTargetDependency section */

/* Begin PBXVariantGroup section */
		49EFBEC91B17429F00FE6B06 /* Main.storyboard */ = {
			isa = PBXVariantGroup;
			children = (
				49EFBECA1B17429F00FE6B06 /* Base */,
			);
			name = Main.storyboard;
			sourceTree = "<group>";
		};
		49EFBECE1B17429F00FE6B06 /* LaunchScreen.xib */ = {
			isa = PBXVariantGroup;
			children = (
				49EFBECF1B17429F00FE6B06 /* Base */,
			);
			name = LaunchScreen.xib;
			sourceTree = "<group>";
		};
/* End PBXVariantGroup section */

/* Begin XCBuildConfiguration section */
		49EFBEDD1B17429F00FE6B06 /* Debug */ = {
			isa = XCBuildConfiguration;
			buildSettings = {
				ALWAYS_SEARCH_USER_PATHS = NO;
				CLANG_CXX_LANGUAGE_STANDARD = "gnu++0x";
				CLANG_CXX_LIBRARY = "libc++";
				CLANG_ENABLE_MODULES = YES;
				CLANG_ENABLE_OBJC_ARC = YES;
				CLANG_WARN_BOOL_CONVERSION = YES;
				CLANG_WARN_CONSTANT_CONVERSION = YES;
				CLANG_WARN_DIRECT_OBJC_ISA_USAGE = YES_ERROR;
				CLANG_WARN_EMPTY_BODY = YES;
				CLANG_WARN_ENUM_CONVERSION = YES;
				CLANG_WARN_INT_CONVERSION = YES;
				CLANG_WARN_OBJC_ROOT_CLASS = YES_ERROR;
				CLANG_WARN_UNREACHABLE_CODE = YES;
				CLANG_WARN__DUPLICATE_METHOD_MATCH = YES;
				"CODE_SIGN_IDENTITY[sdk=iphoneos*]" = "iPhone Developer";
				COPY_PHASE_STRIP = NO;
				DEBUG_INFORMATION_FORMAT = "dwarf-with-dsym";
				ENABLE_STRICT_OBJC_MSGSEND = YES;
				GCC_C_LANGUAGE_STANDARD = gnu99;
				GCC_DYNAMIC_NO_PIC = NO;
				GCC_NO_COMMON_BLOCKS = YES;
				GCC_OPTIMIZATION_LEVEL = 0;
				GCC_PREPROCESSOR_DEFINITIONS = (
					"DEBUG=1",
					"$(inherited)",
				);
				GCC_SYMBOLS_PRIVATE_EXTERN = NO;
				GCC_WARN_64_TO_32_BIT_CONVERSION = YES;
				GCC_WARN_ABOUT_RETURN_TYPE = YES_ERROR;
				GCC_WARN_UNDECLARED_SELECTOR = YES;
				GCC_WARN_UNINITIALIZED_AUTOS = YES_AGGRESSIVE;
				GCC_WARN_UNUSED_FUNCTION = YES;
				GCC_WARN_UNUSED_VARIABLE = YES;
				IPHONEOS_DEPLOYMENT_TARGET = 8.3;
				MTL_ENABLE_DEBUG_INFO = YES;
				ONLY_ACTIVE_ARCH = YES;
				SDKROOT = iphoneos;
				SWIFT_OPTIMIZATION_LEVEL = "-Onone";
				TARGETED_DEVICE_FAMILY = 2;
			};
			name = Debug;
		};
		49EFBEDE1B17429F00FE6B06 /* Release */ = {
			isa = XCBuildConfiguration;
			buildSettings = {
				ALWAYS_SEARCH_USER_PATHS = NO;
				CLANG_CXX_LANGUAGE_STANDARD = "gnu++0x";
				CLANG_CXX_LIBRARY = "libc++";
				CLANG_ENABLE_MODULES = YES;
				CLANG_ENABLE_OBJC_ARC = YES;
				CLANG_WARN_BOOL_CONVERSION = YES;
				CLANG_WARN_CONSTANT_CONVERSION = YES;
				CLANG_WARN_DIRECT_OBJC_ISA_USAGE = YES_ERROR;
				CLANG_WARN_EMPTY_BODY = YES;
				CLANG_WARN_ENUM_CONVERSION = YES;
				CLANG_WARN_INT_CONVERSION = YES;
				CLANG_WARN_OBJC_ROOT_CLASS = YES_ERROR;
				CLANG_WARN_UNREACHABLE_CODE = YES;
				CLANG_WARN__DUPLICATE_METHOD_MATCH = YES;
				"CODE_SIGN_IDENTITY[sdk=iphoneos*]" = "iPhone Developer";
				COPY_PHASE_STRIP = NO;
				DEBUG_INFORMATION_FORMAT = "dwarf-with-dsym";
				ENABLE_NS_ASSERTIONS = NO;
				ENABLE_STRICT_OBJC_MSGSEND = YES;
				GCC_C_LANGUAGE_STANDARD = gnu99;
				GCC_NO_COMMON_BLOCKS = YES;
				GCC_WARN_64_TO_32_BIT_CONVERSION = YES;
				GCC_WARN_ABOUT_RETURN_TYPE = YES_ERROR;
				GCC_WARN_UNDECLARED_SELECTOR = YES;
				GCC_WARN_UNINITIALIZED_AUTOS = YES_AGGRESSIVE;
				GCC_WARN_UNUSED_FUNCTION = YES;
				GCC_WARN_UNUSED_VARIABLE = YES;
				IPHONEOS_DEPLOYMENT_TARGET = 8.3;
				MTL_ENABLE_DEBUG_INFO = NO;
				SDKROOT = iphoneos;
				TARGETED_DEVICE_FAMILY = 2;
				VALIDATE_PRODUCT = YES;
			};
			name = Release;
		};
		49EFBEE01B17429F00FE6B06 /* Debug */ = {
			isa = XCBuildConfiguration;
			buildSettings = {
				ASSETCATALOG_COMPILER_APPICON_NAME = AppIcon;
				INFOPLIST_FILE = TicTacToe/Info.plist;
				LD_RUNPATH_SEARCH_PATHS = "$(inherited) @executable_path/Frameworks";
				PRODUCT_NAME = "$(TARGET_NAME)";
				TARGETED_DEVICE_FAMILY = 2;
			};
			name = Debug;
		};
		49EFBEE11B17429F00FE6B06 /* Release */ = {
			isa = XCBuildConfiguration;
			buildSettings = {
				ASSETCATALOG_COMPILER_APPICON_NAME = AppIcon;
				INFOPLIST_FILE = TicTacToe/Info.plist;
				LD_RUNPATH_SEARCH_PATHS = "$(inherited) @executable_path/Frameworks";
				PRODUCT_NAME = "$(TARGET_NAME)";
				TARGETED_DEVICE_FAMILY = 2;
			};
			name = Release;
		};
		49EFBEE31B17429F00FE6B06 /* Debug */ = {
			isa = XCBuildConfiguration;
			buildSettings = {
				BUNDLE_LOADER = "$(TEST_HOST)";
				FRAMEWORK_SEARCH_PATHS = (
					"$(SDKROOT)/Developer/Library/Frameworks",
					"$(inherited)",
				);
				GCC_PREPROCESSOR_DEFINITIONS = (
					"DEBUG=1",
					"$(inherited)",
				);
				INFOPLIST_FILE = TicTacToeTests/Info.plist;
				LD_RUNPATH_SEARCH_PATHS = "$(inherited) @executable_path/Frameworks @loader_path/Frameworks";
				PRODUCT_NAME = "$(TARGET_NAME)";
				TEST_HOST = "$(BUILT_PRODUCTS_DIR)/TicTacToe.app/TicTacToe";
			};
			name = Debug;
		};
		49EFBEE41B17429F00FE6B06 /* Release */ = {
			isa = XCBuildConfiguration;
			buildSettings = {
				BUNDLE_LOADER = "$(TEST_HOST)";
				FRAMEWORK_SEARCH_PATHS = (
					"$(SDKROOT)/Developer/Library/Frameworks",
					"$(inherited)",
				);
				INFOPLIST_FILE = TicTacToeTests/Info.plist;
				LD_RUNPATH_SEARCH_PATHS = "$(inherited) @executable_path/Frameworks @loader_path/Frameworks";
				PRODUCT_NAME = "$(TARGET_NAME)";
				TEST_HOST = "$(BUILT_PRODUCTS_DIR)/TicTacToe.app/TicTacToe";
			};
			name = Release;
		};
/* End XCBuildConfiguration section */

/* Begin XCConfigurationList section */
		49EFBEBB1B17429F00FE6B06 /* Build configuration list for PBXProject "TicTacToe" */ = {
			isa = XCConfigurationList;
			buildConfigurations = (
				49EFBEDD1B17429F00FE6B06 /* Debug */,
				49EFBEDE1B17429F00FE6B06 /* Release */,
			);
			defaultConfigurationIsVisible = 0;
			defaultConfigurationName = Release;
		};
		49EFBEDF1B17429F00FE6B06 /* Build configuration list for PBXNativeTarget "TicTacToe" */ = {
			isa = XCConfigurationList;
			buildConfigurations = (
				49EFBEE01B17429F00FE6B06 /* Debug */,
				49EFBEE11B17429F00FE6B06 /* Release */,
			);
			defaultConfigurationIsVisible = 0;
			defaultConfigurationName = Release;
		};
		49EFBEE21B17429F00FE6B06 /* Build configuration list for PBXNativeTarget "TicTacToeTests" */ = {
			isa = XCConfigurationList;
			buildConfigurations = (
				49EFBEE31B17429F00FE6B06 /* Debug */,
				49EFBEE41B17429F00FE6B06 /* Release */,
			);
			defaultConfigurationIsVisible = 0;
			defaultConfigurationName = Release;
		};
/* End XCConfigurationList section */
	};
	rootObject = 49EFBEB81B17429F00FE6B06 /* Project object */;
}
